
Microsoft Visual Studio Solution File, Format Version 12.00
# Visual Studio 15
VisualStudioVersion = 15.0.28307.438
MinimumVisualStudioVersion = 10.0.40219.1
Project("{FAE04EC0-301F-11D3-BF4B-00C04F79EFBC}") = "vs-api", "vs-api.csproj", "{04C3B5CD-80DA-41EA-AE8F-D542DFD0736D}"
EndProject
Global
	GlobalSection(SolutionConfigurationPlatforms) = preSolution
		Debug|Any CPU = Debug|Any CPU
		Release|Any CPU = Release|Any CPU
	EndGlobalSection
	GlobalSection(ProjectConfigurationPlatforms) = postSolution
		{04C3B5CD-80DA-41EA-AE8F-D542DFD0736D}.Debug|Any CPU.ActiveCfg = Debug|Any CPU
		{04C3B5CD-80DA-41EA-AE8F-D542DFD0736D}.Debug|Any CPU.Build.0 = Debug|Any CPU
		{04C3B5CD-80DA-41EA-AE8F-D542DFD0736D}.Release|Any CPU.ActiveCfg = Release|Any CPU
		{04C3B5CD-80DA-41EA-AE8F-D542DFD0736D}.Release|Any CPU.Build.0 = Release|Any CPU
	EndGlobalSection
	GlobalSection(SolutionProperties) = preSolution
		HideSolutionNode = FALSE
	EndGlobalSection
	GlobalSection(ExtensibilityGlobals) = postSolution
		SolutionGuid = {3E954625-7434-43D1-8A5A-1898EF095E77}
	EndGlobalSection
EndGlobal
